// !$*UTF8*$!
{
	archiveVersion = 1;
	classes = {
	};
	objectVersion = 50;
	objects = {

/* Begin PBXBuildFile section */
		75C73A7D2230154A0079896D /* AppDelegate.swift in Sources */ = {isa = PBXBuildFile; fileRef = 75C73A7C2230154A0079896D /* AppDelegate.swift */; };
		75C73A7F2230154A0079896D /* ViewController.swift in Sources */ = {isa = PBXBuildFile; fileRef = 75C73A7E2230154A0079896D /* ViewController.swift */; };
		75C73A822230154A0079896D /* Main.storyboard in Resources */ = {isa = PBXBuildFile; fileRef = 75C73A802230154A0079896D /* Main.storyboard */; };
		75C73A842230154C0079896D /* Assets.xcassets in Resources */ = {isa = PBXBuildFile; fileRef = 75C73A832230154C0079896D /* Assets.xcassets */; };
		75C73A872230154C0079896D /* LaunchScreen.storyboard in Resources */ = {isa = PBXBuildFile; fileRef = 75C73A852230154C0079896D /* LaunchScreen.storyboard */; };
		75C73A8F223017C40079896D /* FilpableCell.swift in Sources */ = {isa = PBXBuildFile; fileRef = 75C73A8E223017C40079896D /* FilpableCell.swift */; };
		75C73A91223033440079896D /* SeconViewController.swift in Sources */ = {isa = PBXBuildFile; fileRef = 75C73A90223033440079896D /* SeconViewController.swift */; };
		75C73A93223033F90079896D /* SecondTableViewCell.swift in Sources */ = {isa = PBXBuildFile; fileRef = 75C73A92223033F90079896D /* SecondTableViewCell.swift */; };
/* End PBXBuildFile section */

/* Begin PBXFileReference section */
		75C73A792230154A0079896D /* WonUpItTest.app */ = {isa = PBXFileReference; explicitFileType = wrapper.application; includeInIndex = 0; path = WonUpItTest.app; sourceTree = BUILT_PRODUCTS_DIR; };
		75C73A7C2230154A0079896D /* AppDelegate.swift */ = {isa = PBXFileReference; lastKnownFileType = sourcecode.swift; path = AppDelegate.swift; sourceTree = "<group>"; };
		75C73A7E2230154A0079896D /* ViewController.swift */ = {isa = PBXFileReference; lastKnownFileType = sourcecode.swift; path = ViewController.swift; sourceTree = "<group>"; };
		75C73A812230154A0079896D /* Base */ = {isa = PBXFileReference; lastKnownFileType = file.storyboard; name = Base; path = Base.lproj/Main.storyboard; sourceTree = "<group>"; };
		75C73A832230154C0079896D /* Assets.xcassets */ = {isa = PBXFileReference; lastKnownFileType = folder.assetcatalog; path = Assets.xcassets; sourceTree = "<group>"; };
		75C73A862230154C0079896D /* Base */ = {isa = PBXFileReference; lastKnownFileType = file.storyboard; name = Base; path = Base.lproj/LaunchScreen.storyboard; sourceTree = "<group>"; };
		75C73A882230154C0079896D /* Info.plist */ = {isa = PBXFileReference; lastKnownFileType = text.plist.xml; path = Info.plist; sourceTree = "<group>"; };
		75C73A8E223017C40079896D /* FilpableCell.swift */ = {isa = PBXFileReference; lastKnownFileType = sourcecode.swift; path = FilpableCell.swift; sourceTree = "<group>"; };
		75C73A90223033440079896D /* SeconViewController.swift */ = {isa = PBXFileReference; lastKnownFileType = sourcecode.swift; path = SeconViewController.swift; sourceTree = "<group>"; };
		75C73A92223033F90079896D /* SecondTableViewCell.swift */ = {isa = PBXFileReference; lastKnownFileType = sourcecode.swift; path = SecondTableViewCell.swift; sourceTree = "<group>"; };
/* End PBXFileReference section */

/* Begin PBXFrameworksBuildPhase section */
		75C73A762230154A0079896D /* Frameworks */ = {
			isa = PBXFrameworksBuildPhase;
			buildActionMask = 2147483647;
			files = (
			);
			runOnlyForDeploymentPostprocessing = 0;
		};
/* End PBXFrameworksBuildPhase section */

/* Begin PBXGroup section */
		75C73A702230154A0079896D = {
			isa = PBXGroup;
			children = (
				75C73A7B2230154A0079896D /* WonUpItTest */,
				75C73A7A2230154A0079896D /* Products */,
			);
			sourceTree = "<group>";
		};
		75C73A7A2230154A0079896D /* Products */ = {
			isa = PBXGroup;
			children = (
				75C73A792230154A0079896D /* WonUpItTest.app */,
			);
			name = Products;
			sourceTree = "<group>";
		};
		75C73A7B2230154A0079896D /* WonUpItTest */ = {
			isa = PBXGroup;
			children = (
				75C73A7C2230154A0079896D /* AppDelegate.swift */,
				75C73A8E223017C40079896D /* FilpableCell.swift */,
				75C73A7E2230154A0079896D /* ViewController.swift */,
				75C73A802230154A0079896D /* Main.storyboard */,
				75C73A92223033F90079896D /* SecondTableViewCell.swift */,
				75C73A90223033440079896D /* SeconViewController.swift */,
				75C73A832230154C0079896D /* Assets.xcassets */,
				75C73A852230154C0079896D /* LaunchScreen.storyboard */,
				75C73A882230154C0079896D /* Info.plist */,
			);
			path = WonUpItTest;
			sourceTree = "<group>";
		};
/* End PBXGroup section */

/* Begin PBXNativeTarget section */
		75C73A782230154A0079896D /* WonUpItTest */ = {
			isa = PBXNativeTarget;
			buildConfigurationList = 75C73A8B2230154C0079896D /* Build configuration list for PBXNativeTarget "WonUpItTest" */;
			buildPhases = (
				75C73A752230154A0079896D /* Sources */,
				75C73A762230154A0079896D /* Frameworks */,
				75C73A772230154A0079896D /* Resources */,
			);
			buildRules = (
			);
			dependencies = (
			);
			name = WonUpItTest;
			productName = WonUpItTest;
			productReference = 75C73A792230154A0079896D /* WonUpItTest.app */;
			productType = "com.apple.product-type.application";
		};
/* End PBXNativeTarget section */

/* Begin PBXProject section */
		75C73A712230154A0079896D /* Project object */ = {
			isa = PBXProject;
			attributes = {
				LastSwiftUpdateCheck = 1010;
				LastUpgradeCheck = 1010;
				ORGANIZATIONNAME = "Prithvi Raj";
				TargetAttributes = {
					75C73A782230154A0079896D = {
						CreatedOnToolsVersion = 10.1;
					};
				};
			};
			buildConfigurationList = 75C73A742230154A0079896D /* Build configuration list for PBXProject "WonUpItTest" */;
			compatibilityVersion = "Xcode 9.3";
			developmentRegion = en;
			hasScannedForEncodings = 0;
			knownRegions = (
				en,
				Base,
			);
			mainGroup = 75C73A702230154A0079896D;
			productRefGroup = 75C73A7A2230154A0079896D /* Products */;
			projectDirPath = "";
			projectRoot = "";
			targets = (
				75C73A782230154A0079896D /* WonUpItTest */,
			);
		};
/* End PBXProject section */

/* Begin PBXResourcesBuildPhase section */
		75C73A772230154A0079896D /* Resources */ = {
			isa = PBXResourcesBuildPhase;
			buildActionMask = 2147483647;
			files = (
				75C73A872230154C0079896D /* LaunchScreen.storyboard in Resources */,
				75C73A842230154C0079896D /* Assets.xcassets in Resources */,
				75C73A822230154A0079896D /* Main.storyboard in Resources */,
			);
			runOnlyForDeploymentPostprocessing = 0;
		};
/* End PBXResourcesBuildPhase section */

/* Begin PBXSourcesBuildPhase section */
		75C73A752230154A0079896D /* Sources */ = {
			isa = PBXSourcesBuildPhase;
			buildActionMask = 2147483647;
			files = (
				75C73A7F2230154A0079896D /* ViewController.swift in Sources */,
				75C73A93223033F90079896D /* SecondTableViewCell.swift in Sources */,
				75C73A7D2230154A0079896D /* AppDelegate.swift in Sources */,
				75C73A8F223017C40079896D /* FilpableCell.swift in Sources */,
				75C73A91223033440079896D /* SeconViewController.swift in Sources */,
			);
			runOnlyForDeploymentPostprocessing = 0;
		};
/* End PBXSourcesBuildPhase section */

/* Begin PBXVariantGroup section */
		75C73A802230154A0079896D /* Main.storyboard */ = {
			isa = PBXVariantGroup;
			children = (
				75C73A812230154A0079896D /* Base */,
			);
			name = Main.storyboard;
			sourceTree = "<group>";
		};
		75C73A852230154C0079896D /* LaunchScreen.storyboard */ = {
			isa = PBXVariantGroup;
			children = (
				75C73A862230154C0079896D /* Base */,
			);
			name = LaunchScreen.storyboard;
			sourceTree = "<group>";
		};
/* End PBXVariantGroup section */

/* Begin XCBuildConfiguration section */
		75C73A892230154C0079896D /* Debug */ = {
			isa = XCBuildConfiguration;
			buildSettings = {
				ALWAYS_SEARCH_USER_PATHS = NO;
				CLANG_ANALYZER_NONNULL = YES;
				CLANG_ANALYZER_NUMBER_OBJECT_CONVERSION = YES_AGGRESSIVE;
				CLANG_CXX_LANGUAGE_STANDARD = "gnu++14";
				CLANG_CXX_LIBRARY = "libc++";
				CLANG_ENABLE_MODULES = YES;
				CLANG_ENABLE_OBJC_ARC = YES;
				CLANG_ENABLE_OBJC_WEAK = YES;
				CLANG_WARN_BLOCK_CAPTURE_AUTORELEASING = YES;
				CLANG_WARN_BOOL_CONVERSION = YES;
				CLANG_WARN_COMMA = YES;
				CLANG_WARN_CONSTANT_CONVERSION = YES;
				CLANG_WARN_DEPRECATED_OBJC_IMPLEMENTATIONS = YES;
				CLANG_WARN_DIRECT_OBJC_ISA_USAGE = YES_ERROR;
				CLANG_WARN_DOCUMENTATION_COMMENTS = YES;
				CLANG_WARN_EMPTY_BODY = YES;
				CLANG_WARN_ENUM_CONVERSION = YES;
				CLANG_WARN_INFINITE_RECURSION = YES;
				CLANG_WARN_INT_CONVERSION = YES;
				CLANG_WARN_NON_LITERAL_NULL_CONVERSION = YES;
				CLANG_WARN_OBJC_IMPLICIT_RETAIN_SELF = YES;
				CLANG_WARN_OBJC_LITERAL_CONVERSION = YES;
				CLANG_WARN_OBJC_ROOT_CLASS = YES_ERROR;
				CLANG_WARN_RANGE_LOOP_ANALYSIS = YES;
				CLANG_WARN_STRICT_PROTOTYPES = YES;
				CLANG_WARN_SUSPICIOUS_MOVE = YES;
				CLANG_WARN_UNGUARDED_AVAILABILITY = YES_AGGRESSIVE;
				CLANG_WARN_UNREACHABLE_CODE = YES;
				CLANG_WARN__DUPLICATE_METHOD_MATCH = YES;
				CODE_SIGN_IDENTITY = "iPhone Developer";
				COPY_PHASE_STRIP = NO;
				DEBUG_INFORMATION_FORMAT = dwarf;
				ENABLE_STRICT_OBJC_MSGSEND = YES;
				ENABLE_TESTABILITY = YES;
				GCC_C_LANGUAGE_STANDARD = gnu11;
				GCC_DYNAMIC_NO_PIC = NO;
				GCC_NO_COMMON_BLOCKS = YES;
				GCC_OPTIMIZATION_LEVEL = 0;
				GCC_PREPROCESSOR_DEFINITIONS = (
					"DEBUG=1",
					"$(inherited)",
				);
				GCC_WARN_64_TO_32_BIT_CONVERSION = YES;
				GCC_WARN_ABOUT_RETURN_TYPE = YES_ERROR;
				GCC_WARN_UNDECLARED_SELECTOR = YES;
				GCC_WARN_UNINITIALIZED_AUTOS = YES_AGGRESSIVE;
				GCC_WARN_UNUSED_FUNCTION = YES;
				GCC_WARN_UNUSED_VARIABLE = YES;
				IPHONEOS_DEPLOYMENT_TARGET = 12.1;
				MTL_ENABLE_DEBUG_INFO = INCLUDE_SOURCE;
				MTL_FAST_MATH = YES;
				ONLY_ACTIVE_ARCH = YES;
				SDKROOT = iphoneos;
				SWIFT_ACTIVE_COMPILATION_CONDITIONS = DEBUG;
				SWIFT_OPTIMIZATION_LEVEL = "-Onone";
			};
			name = Debug;
		};
		75C73A8A2230154C0079896D /* Release */ = {
			isa = XCBuildConfiguration;
			buildSettings = {
				ALWAYS_SEARCH_USER_PATHS = NO;
				CLANG_ANALYZER_NONNULL = YES;
				CLANG_ANALYZER_NUMBER_OBJECT_CONVERSION = YES_AGGRESSIVE;
				CLANG_CXX_LANGUAGE_STANDARD = "gnu++14";
				CLANG_CXX_LIBRARY = "libc++";
				CLANG_ENABLE_MODULES = YES;
				CLANG_ENABLE_OBJC_ARC = YES;
				CLANG_ENABLE_OBJC_WEAK = YES;
				CLANG_WARN_BLOCK_CAPTURE_AUTORELEASING = YES;
				CLANG_WARN_BOOL_CONVERSION = YES;
				CLANG_WARN_COMMA = YES;
				CLANG_WARN_CONSTANT_CONVERSION = YES;
				CLANG_WARN_DEPRECATED_OBJC_IMPLEMENTATIONS = YES;
				CLANG_WARN_DIRECT_OBJC_ISA_USAGE = YES_ERROR;
				CLANG_WARN_DOCUMENTATION_COMMENTS = YES;
				CLANG_WARN_EMPTY_BODY = YES;
				CLANG_WARN_ENUM_CONVERSION = YES;
				CLANG_WARN_INFINITE_RECURSION = YES;
				CLANG_WARN_INT_CONVERSION = YES;
				CLANG_WARN_NON_LITERAL_NULL_CONVERSION = YES;
				CLANG_WARN_OBJC_IMPLICIT_RETAIN_SELF = YES;
				CLANG_WARN_OBJC_LITERAL_CONVERSION = YES;
				CLANG_WARN_OBJC_ROOT_CLASS = YES_ERROR;
				CLANG_WARN_RANGE_LOOP_ANALYSIS = YES;
				CLANG_WARN_STRICT_PROTOTYPES = YES;
				CLANG_WARN_SUSPICIOUS_MOVE = YES;
				CLANG_WARN_UNGUARDED_AVAILABILITY = YES_AGGRESSIVE;
				CLANG_WARN_UNREACHABLE_CODE = YES;
				CLANG_WARN__DUPLICATE_METHOD_MATCH = YES;
				CODE_SIGN_IDENTITY = "iPhone Developer";
				COPY_PHASE_STRIP = NO;
				DEBUG_INFORMATION_FORMAT = "dwarf-with-dsym";
				ENABLE_NS_ASSERTIONS = NO;
				ENABLE_STRICT_OBJC_MSGSEND = YES;
				GCC_C_LANGUAGE_STANDARD = gnu11;
				GCC_NO_COMMON_BLOCKS = YES;
				GCC_WARN_64_TO_32_BIT_CONVERSION = YES;
				GCC_WARN_ABOUT_RETURN_TYPE = YES_ERROR;
				GCC_WARN_UNDECLARED_SELECTOR = YES;
				GCC_WARN_UNINITIALIZED_AUTOS = YES_AGGRESSIVE;
				GCC_WARN_UNUSED_FUNCTION = YES;
				GCC_WARN_UNUSED_VARIABLE = YES;
				IPHONEOS_DEPLOYMENT_TARGET = 12.1;
				MTL_ENABLE_DEBUG_INFO = NO;
				MTL_FAST_MATH = YES;
				SDKROOT = iphoneos;
				SWIFT_COMPILATION_MODE = wholemodule;
				SWIFT_OPTIMIZATION_LEVEL = "-O";
				VALIDATE_PRODUCT = YES;
			};
			name = Release;
		};
		75C73A8C2230154C0079896D /* Debug */ = {
			isa = XCBuildConfiguration;
			buildSettings = {
				ASSETCATALOG_COMPILER_APPICON_NAME = AppIcon;
				CODE_SIGN_STYLE = Automatic;
				DEVELOPMENT_TEAM = GW9NR7R2AD;
				INFOPLIST_FILE = WonUpItTest/Info.plist;
				LD_RUNPATH_SEARCH_PATHS = (
					"$(inherited)",
					"@executable_path/Frameworks",
				);
				PRODUCT_BUNDLE_IDENTIFIER = com.Prithviraj.AnimationDemo;
				PRODUCT_NAME = "$(TARGET_NAME)";
				SWIFT_VERSION = 4.2;
				TARGETED_DEVICE_FAMILY = "1,2";
			};
			name = Debug;
		};
		75C73A8D2230154C0079896D /* Release */ = {
			isa = XCBuildConfiguration;
			buildSettings = {
				ASSETCATALOG_COMPILER_APPICON_NAME = AppIcon;
				CODE_SIGN_STYLE = Automatic;
				DEVELOPMENT_TEAM = GW9NR7R2AD;
				INFOPLIST_FILE = WonUpItTest/Info.plist;
				LD_RUNPATH_SEARCH_PATHS = (
					"$(inherited)",
					"@executable_path/Frameworks",
				);
				PRODUCT_BUNDLE_IDENTIFIER = com.Prithviraj.AnimationDemo;
				PRODUCT_NAME = "$(TARGET_NAME)";
				SWIFT_VERSION = 4.2;
				TARGETED_DEVICE_FAMILY = "1,2";
			};
			name = Release;
		};
/* End XCBuildConfiguration section */

/* Begin XCConfigurationList section */
		75C73A742230154A0079896D /* Build configuration list for PBXProject "WonUpItTest" */ = {
			isa = XCConfigurationList;
			buildConfigurations = (
				75C73A892230154C0079896D /* Debug */,
				75C73A8A2230154C0079896D /* Release */,
			);
			defaultConfigurationIsVisible = 0;
			defaultConfigurationName = Release;
		};
		75C73A8B2230154C0079896D /* Build configuration list for PBXNativeTarget "WonUpItTest" */ = {
			isa = XCConfigurationList;
			buildConfigurations = (
				75C73A8C2230154C0079896D /* Debug */,
				75C73A8D2230154C0079896D /* Release */,
			);
			defaultConfigurationIsVisible = 0;
			defaultConfigurationName = Release;
		};
/* End XCConfigurationList section */
	};
	rootObject = 75C73A712230154A0079896D /* Project object */;
}
